
Microsoft Visual Studio Solution File, Format Version 12.00
# Visual Studio Version 16
VisualStudioVersion = 16.0.31129.286
MinimumVisualStudioVersion = 10.0.40219.1
Project("{FAE04EC0-301F-11D3-BF4B-00C04F79EFBC}") = "senai_TPeoples_webApi", "senai_TPeoples_webApi\senai_TPeoples_webApi.csproj", "{E703E367-FE6F-48A8-AE66-C5CDA4A17EA2}"
EndProject
Global
	GlobalSection(SolutionConfigurationPlatforms) = preSolution
		Debug|Any CPU = Debug|Any CPU
		Release|Any CPU = Release|Any CPU
	EndGlobalSection
	GlobalSection(ProjectConfigurationPlatforms) = postSolution
		{E703E367-FE6F-48A8-AE66-C5CDA4A17EA2}.Debug|Any CPU.ActiveCfg = Debug|Any CPU
		{E703E367-FE6F-48A8-AE66-C5CDA4A17EA2}.Debug|Any CPU.Build.0 = Debug|Any CPU
		{E703E367-FE6F-48A8-AE66-C5CDA4A17EA2}.Release|Any CPU.ActiveCfg = Release|Any CPU
		{E703E367-FE6F-48A8-AE66-C5CDA4A17EA2}.Release|Any CPU.Build.0 = Release|Any CPU
	EndGlobalSection
	GlobalSection(SolutionProperties) = preSolution
		HideSolutionNode = FALSE
	EndGlobalSection
	GlobalSection(ExtensibilityGlobals) = postSolution
		SolutionGuid = {44F4463C-2A65-4979-A401-7D598BA981FE}
	EndGlobalSection
EndGlobal
